
Microsoft Visual Studio Solution File, Format Version 12.00
# Visual Studio Version 16
VisualStudioVersion = 16.0.30523.141
MinimumVisualStudioVersion = 10.0.40219.1
Project("{FAE04EC0-301F-11D3-BF4B-00C04F79EFBC}") = "BlogAPP", "BlogFinalProject\BlogAPP.csproj", "{4BD9B45A-3415-46BC-9C4E-ACACDDA0CE8F}"
EndProject
Global
	GlobalSection(SolutionConfigurationPlatforms) = preSolution
		Debug|Any CPU = Debug|Any CPU
		Release|Any CPU = Release|Any CPU
	EndGlobalSection
	GlobalSection(ProjectConfigurationPlatforms) = postSolution
		{4BD9B45A-3415-46BC-9C4E-ACACDDA0CE8F}.Debug|Any CPU.ActiveCfg = Debug|Any CPU
		{4BD9B45A-3415-46BC-9C4E-ACACDDA0CE8F}.Debug|Any CPU.Build.0 = Debug|Any CPU
		{4BD9B45A-3415-46BC-9C4E-ACACDDA0CE8F}.Release|Any CPU.ActiveCfg = Release|Any CPU
		{4BD9B45A-3415-46BC-9C4E-ACACDDA0CE8F}.Release|Any CPU.Build.0 = Release|Any CPU
	EndGlobalSection
	GlobalSection(SolutionProperties) = preSolution
		HideSolutionNode = FALSE
	EndGlobalSection
	GlobalSection(ExtensibilityGlobals) = postSolution
		SolutionGuid = {1C8E567D-68CC-4D90-B01C-704EC893811A}
	EndGlobalSection
EndGlobal
